
Microsoft Visual Studio Solution File, Format Version 12.00
# Visual Studio Version 17
VisualStudioVersion = 17.0.32112.339
MinimumVisualStudioVersion = 10.0.40219.1
Project("{9A19103F-16F7-4668-BE54-9A1E7A4F7556}") = "Investment.Component", "Investment.Component\Investment.Component.csproj", "{724D71CF-2D0C-4060-964A-8A1C06C3996D}"
EndProject
Project("{9A19103F-16F7-4668-BE54-9A1E7A4F7556}") = "Utilities", "Utilities\Utilities.csproj", "{3A8B2D86-E969-4CCE-B03D-0482F6AAF8DF}"
EndProject
Project("{FAE04EC0-301F-11D3-BF4B-00C04F79EFBC}") = "Investment.UI", "Investment.UI\Investment.UI.csproj", "{2C8AF208-DCBC-4125-B3E2-04D52F8C4506}"
EndProject
Project("{FAE04EC0-301F-11D3-BF4B-00C04F79EFBC}") = "Investment.Presentation", "Investment.Presentation\Investment.Presentation.csproj", "{B80D8BA0-EF4A-4C59-A057-FB9D9230AF0E}"
EndProject
Project("{2150E333-8FDC-42A3-9474-1A3956D46DE8}") = "test", "test", "{98F86AFC-5A39-4AE2-A5A9-E03B8C1386DC}"
EndProject
Project("{FAE04EC0-301F-11D3-BF4B-00C04F79EFBC}") = "Investment.Component.UnitTests", "Investment.Component.UnitTests\Investment.Component.UnitTests.csproj", "{E3439C07-5E00-457A-BDAF-E46644A52D61}"
EndProject
Project("{2150E333-8FDC-42A3-9474-1A3956D46DE8}") = "Solution Items", "Solution Items", "{E07AA6AF-4184-47FF-B1FD-4CAC2BBE6983}"
	ProjectSection(SolutionItems) = preProject
		readme.md = readme.md
	EndProjectSection
EndProject
Global
	GlobalSection(SolutionConfigurationPlatforms) = preSolution
		Debug|Any CPU = Debug|Any CPU
		Release|Any CPU = Release|Any CPU
	EndGlobalSection
	GlobalSection(ProjectConfigurationPlatforms) = postSolution
		{724D71CF-2D0C-4060-964A-8A1C06C3996D}.Debug|Any CPU.ActiveCfg = Debug|Any CPU
		{724D71CF-2D0C-4060-964A-8A1C06C3996D}.Debug|Any CPU.Build.0 = Debug|Any CPU
		{724D71CF-2D0C-4060-964A-8A1C06C3996D}.Release|Any CPU.ActiveCfg = Release|Any CPU
		{724D71CF-2D0C-4060-964A-8A1C06C3996D}.Release|Any CPU.Build.0 = Release|Any CPU
		{3A8B2D86-E969-4CCE-B03D-0482F6AAF8DF}.Debug|Any CPU.ActiveCfg = Debug|Any CPU
		{3A8B2D86-E969-4CCE-B03D-0482F6AAF8DF}.Debug|Any CPU.Build.0 = Debug|Any CPU
		{3A8B2D86-E969-4CCE-B03D-0482F6AAF8DF}.Release|Any CPU.ActiveCfg = Release|Any CPU
		{3A8B2D86-E969-4CCE-B03D-0482F6AAF8DF}.Release|Any CPU.Build.0 = Release|Any CPU
		{2C8AF208-DCBC-4125-B3E2-04D52F8C4506}.Debug|Any CPU.ActiveCfg = Debug|Any CPU
		{2C8AF208-DCBC-4125-B3E2-04D52F8C4506}.Debug|Any CPU.Build.0 = Debug|Any CPU
		{2C8AF208-DCBC-4125-B3E2-04D52F8C4506}.Release|Any CPU.ActiveCfg = Release|Any CPU
		{2C8AF208-DCBC-4125-B3E2-04D52F8C4506}.Release|Any CPU.Build.0 = Release|Any CPU
		{B80D8BA0-EF4A-4C59-A057-FB9D9230AF0E}.Debug|Any CPU.ActiveCfg = Debug|Any CPU
		{B80D8BA0-EF4A-4C59-A057-FB9D9230AF0E}.Debug|Any CPU.Build.0 = Debug|Any CPU
		{B80D8BA0-EF4A-4C59-A057-FB9D9230AF0E}.Release|Any CPU.ActiveCfg = Release|Any CPU
		{B80D8BA0-EF4A-4C59-A057-FB9D9230AF0E}.Release|Any CPU.Build.0 = Release|Any CPU
		{E3439C07-5E00-457A-BDAF-E46644A52D61}.Debug|Any CPU.ActiveCfg = Debug|Any CPU
		{E3439C07-5E00-457A-BDAF-E46644A52D61}.Debug|Any CPU.Build.0 = Debug|Any CPU
		{E3439C07-5E00-457A-BDAF-E46644A52D61}.Release|Any CPU.ActiveCfg = Release|Any CPU
		{E3439C07-5E00-457A-BDAF-E46644A52D61}.Release|Any CPU.Build.0 = Release|Any CPU
	EndGlobalSection
	GlobalSection(SolutionProperties) = preSolution
		HideSolutionNode = FALSE
	EndGlobalSection
	GlobalSection(NestedProjects) = preSolution
		{E3439C07-5E00-457A-BDAF-E46644A52D61} = {98F86AFC-5A39-4AE2-A5A9-E03B8C1386DC}
	EndGlobalSection
	GlobalSection(ExtensibilityGlobals) = postSolution
		SolutionGuid = {E0CB2FB7-A707-40E5-81B6-1EEF601C5AA7}
	EndGlobalSection
EndGlobal
